{
  "name": "snof-for-org-fe",
  "version": "1.0.0",
  "lockfileVersion": 3,
  "requires": true,
  "packages": {
    "": {
      "name": "snof-for-org-fe",
      "version": "1.0.0",
      "license": "ISC",
      "dependencies": {
        "@esbuild/win32-x64": "^0.17.14",
        "@fortawesome/fontawesome-svg-core": "^6.3.0",
        "@fortawesome/free-regular-svg-icons": "^6.3.0",
        "@fortawesome/free-solid-svg-icons": "^6.3.0",
        "@fortawesome/react-fontawesome": "^0.2.0",
        "chart.js": "^4.3.0",
        "chartjs": "^0.3.24",
        "react": "^18.2.0",
        "react-calendar": "^4.2.1",
        "react-chartjs-2": "^5.2.0",
        "react-dom": "^18.2.0",
        "react-fast-compare": "^3.2.0",
        "react-html5video": "^2.5.1",
        "react-icons": "^4.7.1",
        "react-router-dom": "^6.8.2",
        "react-toastify": "^9.1.2"
      },
      "devDependencies": {
        "@types/react": "^18.0.28",
        "@types/react-dom": "^18.0.11"
      }
    },
    "node_modules/@esbuild/win32-x64": {
      "version": "0.17.14",
      "resolved": "https://registry.npmjs.org/@esbuild/win32-x64/-/win32-x64-0.17.14.tgz",
      "integrity": "sha512-gPQmsi2DKTaEgG14hc3CHXHp62k8g6qr0Pas+I4lUxRMugGSATh/Bi8Dgusoz9IQ0IfdrvLpco6kujEIBoaogA==",
      "cpu": [
        "x64"
      ],
      "os": [
        "win32"
      ],
      "engines": {
        "node": ">=12"
      }
    },
    "node_modules/@fortawesome/fontawesome-common-types": {
      "version": "6.3.0",
      "hasInstallScript": true,
      "license": "MIT",
      "engines": {
        "node": ">=6"
      }
    },
    "node_modules/@fortawesome/fontawesome-svg-core": {
      "version": "6.3.0",
      "hasInstallScript": true,
      "license": "MIT",
      "dependencies": {
        "@fortawesome/fontawesome-common-types": "6.3.0"
      },
      "engines": {
        "node": ">=6"
      }
    },
    "node_modules/@fortawesome/free-regular-svg-icons": {
      "version": "6.3.0",
      "hasInstallScript": true,
      "license": "(CC-BY-4.0 AND MIT)",
      "dependencies": {
        "@fortawesome/fontawesome-common-types": "6.3.0"
      },
      "engines": {
        "node": ">=6"
      }
    },
    "node_modules/@fortawesome/free-solid-svg-icons": {
      "version": "6.3.0",
      "hasInstallScript": true,
      "license": "(CC-BY-4.0 AND MIT)",
      "dependencies": {
        "@fortawesome/fontawesome-common-types": "6.3.0"
      },
      "engines": {
        "node": ">=6"
      }
    },
    "node_modules/@fortawesome/react-fontawesome": {
      "version": "0.2.0",
      "license": "MIT",
      "dependencies": {
        "prop-types": "^15.8.1"
      },
      "peerDependencies": {
        "@fortawesome/fontawesome-svg-core": "~1 || ~6",
        "react": ">=16.3"
      }
    },
    "node_modules/@kurkle/color": {
      "version": "0.3.2",
      "resolved": "https://registry.npmjs.org/@kurkle/color/-/color-0.3.2.tgz",
      "integrity": "sha512-fuscdXJ9G1qb7W8VdHi+IwRqij3lBkosAm4ydQtEmbY58OzHXqQhvlxqEkoz0yssNVn38bcpRWgA9PP+OGoisw=="
    },
    "node_modules/@remix-run/router": {
      "version": "1.4.0",
      "license": "MIT",
      "engines": {
        "node": ">=14"
      }
    },
    "node_modules/@types/lodash": {
      "version": "4.14.195",
      "resolved": "https://registry.npmjs.org/@types/lodash/-/lodash-4.14.195.tgz",
      "integrity": "sha512-Hwx9EUgdwf2GLarOjQp5ZH8ZmblzcbTBC2wtQWNKARBSxM9ezRIAUpeDTgoQRAFB0+8CNWXVA9+MaSOzOF3nPg=="
    },
    "node_modules/@types/lodash.memoize": {
      "version": "4.1.7",
      "resolved": "https://registry.npmjs.org/@types/lodash.memoize/-/lodash.memoize-4.1.7.tgz",
      "integrity": "sha512-lGN7WeO4vO6sICVpf041Q7BX/9k1Y24Zo3FY0aUezr1QlKznpjzsDk3T3wvH8ofYzoK0QupN9TWcFAFZlyPwQQ==",
      "dependencies": {
        "@types/lodash": "*"
      }
    },
    "node_modules/@types/prop-types": {
      "version": "15.7.5",
      "license": "MIT"
    },
    "node_modules/@types/react": {
      "version": "18.0.28",
      "resolved": "https://registry.npmjs.org/@types/react/-/react-18.0.28.tgz",
      "integrity": "sha512-RD0ivG1kEztNBdoAK7lekI9M+azSnitIn85h4iOiaLjaTrMjzslhaqCGaI4IyCJ1RljWiLCEu4jyrLLgqxBTew==",
      "dependencies": {
        "@types/prop-types": "*",
        "@types/scheduler": "*",
        "csstype": "^3.0.2"
      }
    },
    "node_modules/@types/react-dom": {
      "version": "18.0.11",
      "dev": true,
      "license": "MIT",
      "dependencies": {
        "@types/react": "*"
      }
    },
    "node_modules/@types/scheduler": {
      "version": "0.16.2",
      "resolved": "https://registry.npmjs.org/@types/scheduler/-/scheduler-0.16.2.tgz",
      "integrity": "sha512-hppQEBDmlwhFAXKJX2KnWLYu5yMfi91yazPb2l+lbJiwW+wdo1gNeRA+3RgNSO39WYX2euey41KEwnqesU2Jew=="
    },
    "node_modules/@wojtekmaj/date-utils": {
      "version": "1.4.1",
      "resolved": "https://registry.npmjs.org/@wojtekmaj/date-utils/-/date-utils-1.4.1.tgz",
      "integrity": "sha512-Fjs0KJz0//0AmlJVFx9AQmWpmxOTw4foDo4DKoswWVVjHsna4rdu+fXwid5YHNgzv/wHi9AkZCRPmHWsf890lg==",
      "funding": {
        "url": "https://github.com/wojtekmaj/date-utils?sponsor=1"
      }
    },
    "node_modules/chart.js": {
      "version": "4.3.0",
      "resolved": "https://registry.npmjs.org/chart.js/-/chart.js-4.3.0.tgz",
      "integrity": "sha512-ynG0E79xGfMaV2xAHdbhwiPLczxnNNnasrmPEXriXsPJGjmhOBYzFVEsB65w2qMDz+CaBJJuJD0inE/ab/h36g==",
      "dependencies": {
        "@kurkle/color": "^0.3.0"
      },
      "engines": {
        "pnpm": ">=7"
      }
    },
    "node_modules/chartjs": {
      "version": "0.3.24",
      "license": "MIT"
    },
    "node_modules/clsx": {
      "version": "1.2.1",
      "license": "MIT",
      "engines": {
        "node": ">=6"
      }
    },
    "node_modules/csstype": {
      "version": "3.1.1",
      "resolved": "https://registry.npmjs.org/csstype/-/csstype-3.1.1.tgz",
      "integrity": "sha512-DJR/VvkAvSZW9bTouZue2sSxDwdTN92uHjqeKVm+0dAqdfNykRzQ95tay8aXMBAAPpUiq4Qcug2L7neoRh2Egw=="
    },
    "node_modules/get-user-locale": {
      "version": "2.3.0",
      "resolved": "https://registry.npmjs.org/get-user-locale/-/get-user-locale-2.3.0.tgz",
      "integrity": "sha512-I3rQvAUwu2nauRD9YyQBSXVFJZixNouwA+eZld51Sn4Pn0N1qFbgcgOi/nPigJPQlNY519mT95fiSPRgflQiTA==",
      "dependencies": {
        "@types/lodash.memoize": "^4.1.7",
        "lodash.memoize": "^4.1.1"
      },
      "funding": {
        "url": "https://github.com/wojtekmaj/get-user-locale?sponsor=1"
      }
    },
    "node_modules/js-tokens": {
      "version": "4.0.0",
      "license": "MIT"
    },
    "node_modules/lodash.memoize": {
      "version": "4.1.2",
      "resolved": "https://registry.npmjs.org/lodash.memoize/-/lodash.memoize-4.1.2.tgz",
      "integrity": "sha512-t7j+NzmgnQzTAYXcsHYLgimltOV1MXHtlOWf6GjL9Kj8GK5FInw5JotxvbOs+IvV1/Dzo04/fCGfLVs7aXb4Ag=="
    },
    "node_modules/loose-envify": {
      "version": "1.4.0",
      "license": "MIT",
      "dependencies": {
        "js-tokens": "^3.0.0 || ^4.0.0"
      },
      "bin": {
        "loose-envify": "cli.js"
      }
    },
    "node_modules/object-assign": {
      "version": "4.1.1",
      "license": "MIT",
      "engines": {
        "node": ">=0.10.0"
      }
    },
    "node_modules/prop-types": {
      "version": "15.8.1",
      "license": "MIT",
      "dependencies": {
        "loose-envify": "^1.4.0",
        "object-assign": "^4.1.1",
        "react-is": "^16.13.1"
      }
    },
    "node_modules/react": {
      "version": "18.2.0",
      "license": "MIT",
      "dependencies": {
        "loose-envify": "^1.1.0"
      },
      "engines": {
        "node": ">=0.10.0"
      }
    },
    "node_modules/react-calendar": {
      "version": "4.3.0",
      "resolved": "https://registry.npmjs.org/react-calendar/-/react-calendar-4.3.0.tgz",
      "integrity": "sha512-TyCv8NbXnqXADyXNtMG0szkGvJNH3NG/WMTEE2q6g3RqAsFNyHwYbQD5Kvb6jRV/CqO0WB+oMCtkxblprdeT5A==",
      "dependencies": {
        "@types/react": "*",
        "@wojtekmaj/date-utils": "^1.1.3",
        "clsx": "^1.2.1",
        "get-user-locale": "^2.2.1",
        "prop-types": "^15.6.0"
      },
      "funding": {
        "url": "https://github.com/wojtekmaj/react-calendar?sponsor=1"
      },
      "peerDependencies": {
        "react": "^16.8.0 || ^17.0.0 || ^18.0.0",
        "react-dom": "^16.8.0 || ^17.0.0 || ^18.0.0"
      }
    },
    "node_modules/react-chartjs-2": {
      "version": "5.2.0",
      "resolved": "https://registry.npmjs.org/react-chartjs-2/-/react-chartjs-2-5.2.0.tgz",
      "integrity": "sha512-98iN5aguJyVSxp5U3CblRLH67J8gkfyGNbiK3c+l1QI/G4irHMPQw44aEPmjVag+YKTyQ260NcF82GTQ3bdscA==",
      "peerDependencies": {
        "chart.js": "^4.1.1",
        "react": "^16.8.0 || ^17.0.0 || ^18.0.0"
      }
    },
    "node_modules/react-dom": {
      "version": "18.2.0",
      "license": "MIT",
      "dependencies": {
        "loose-envify": "^1.1.0",
        "scheduler": "^0.23.0"
      },
      "peerDependencies": {
        "react": "^18.2.0"
      }
    },
    "node_modules/react-fast-compare": {
      "version": "3.2.1",
      "resolved": "https://registry.npmjs.org/react-fast-compare/-/react-fast-compare-3.2.1.tgz",
      "integrity": "sha512-xTYf9zFim2pEif/Fw16dBiXpe0hoy5PxcD8+OwBnTtNLfIm3g6WxhKNurY+6OmdH1u6Ta/W/Vl6vjbYP1MFnDg=="
    },
    "node_modules/react-html5video": {
      "version": "2.5.1",
      "resolved": "https://registry.npmjs.org/react-html5video/-/react-html5video-2.5.1.tgz",
      "integrity": "sha512-ELx5VIRJMIztYo7jdh0Xp1Ah6CziK3KGbwWsMOlNYyIUQHjFbjAEiAF8uY5CzVLofOA1159pbFgcVAPJSuqG2g==",
      "peerDependencies": {
        "react": ">=15.0.0",
        "react-dom": ">=15.0.0"
      }
    },
    "node_modules/react-icons": {
      "version": "4.7.1",
      "license": "MIT",
      "peerDependencies": {
        "react": "*"
      }
    },
    "node_modules/react-is": {
      "version": "16.13.1",
      "license": "MIT"
    },
    "node_modules/react-router": {
      "version": "6.9.0",
      "license": "MIT",
      "dependencies": {
        "@remix-run/router": "1.4.0"
      },
      "engines": {
        "node": ">=14"
      },
      "peerDependencies": {
        "react": ">=16.8"
      }
    },
    "node_modules/react-router-dom": {
      "version": "6.9.0",
      "license": "MIT",
      "dependencies": {
        "@remix-run/router": "1.4.0",
        "react-router": "6.9.0"
      },
      "engines": {
        "node": ">=14"
      },
      "peerDependencies": {
        "react": ">=16.8",
        "react-dom": ">=16.8"
      }
    },
    "node_modules/react-toastify": {
      "version": "9.1.2",
      "license": "MIT",
      "dependencies": {
        "clsx": "^1.1.1"
      },
      "peerDependencies": {
        "react": ">=16",
        "react-dom": ">=16"
      }
    },
    "node_modules/scheduler": {
      "version": "0.23.0",
      "license": "MIT",
      "dependencies": {
        "loose-envify": "^1.1.0"
      }
    }
  }
}
